
Microsoft Visual Studio Solution File, Format Version 12.00
# Visual Studio Version 17
VisualStudioVersion = 17.2.32630.192
MinimumVisualStudioVersion = 10.0.40219.1
Project("{FAE04EC0-301F-11D3-BF4B-00C04F79EFBC}") = "Thiscord Interceptor", "Thiscord Interceptor.csproj", "{2085DA96-0DA7-4AB5-A5D9-46ACC5449ACB}"
EndProject
Global
	GlobalSection(SolutionConfigurationPlatforms) = preSolution
		Debug|Any CPU = Debug|Any CPU
		Release|Any CPU = Release|Any CPU
	EndGlobalSection
	GlobalSection(ProjectConfigurationPlatforms) = postSolution
		{2085DA96-0DA7-4AB5-A5D9-46ACC5449ACB}.Debug|Any CPU.ActiveCfg = Debug|Any CPU
		{2085DA96-0DA7-4AB5-A5D9-46ACC5449ACB}.Debug|Any CPU.Build.0 = Debug|Any CPU
		{2085DA96-0DA7-4AB5-A5D9-46ACC5449ACB}.Release|Any CPU.ActiveCfg = Release|Any CPU
		{2085DA96-0DA7-4AB5-A5D9-46ACC5449ACB}.Release|Any CPU.Build.0 = Release|Any CPU
	EndGlobalSection
	GlobalSection(SolutionProperties) = preSolution
		HideSolutionNode = FALSE
	EndGlobalSection
	GlobalSection(ExtensibilityGlobals) = postSolution
		SolutionGuid = {D86B41C4-0C6B-4845-8E07-36CBE723F935}
	EndGlobalSection
EndGlobal
